{
    "name": "html",
    "lockfileVersion": 3,
    "requires": true,
    "packages": {
        "": {
            "dependencies": {
                "cropperjs": "^1.6.2",
                "docx": "^9.0.3",
                "highlight.js": "^11.10.0",
                "jquery": "^3.7.1",
                "jspdf": "^2.5.2",
                "katex": "^0.16.15",
                "laravel-echo": "^1.16.1",
                "markdown-it": "^14.1.0",
                "pako": "^2.1.0",
                "pusher-js": "^8.4.0-rc2"
            },
            "devDependencies": {
                "concurrently": "^9.1.0",
                "laravel-echo": "^1.16.1",
                "laravel-vite-plugin": "^1.0.5",
                "pusher-js": "^8.4.0-rc2",
                "shelljs": "^0.8.5",
                "vite": "^5.4.0"
            },
            "optionalDependencies": {
                "@rollup/rollup-linux-x64-gnu": "*"
            }
        },
        "node_modules/@babel/runtime": {
            "version": "7.26.0",
            "license": "MIT",
            "dependencies": {
                "regenerator-runtime": "^0.14.0"
            },
            "engines": {
                "node": ">=6.9.0"
            }
        },
        "node_modules/@esbuild/darwin-arm64": {
            "version": "0.21.5",
            "cpu": [
                "arm64"
            ],
            "dev": true,
            "license": "MIT",
            "optional": true,
            "os": [
                "darwin"
            ],
            "engines": {
                "node": ">=12"
            }
        },
        "node_modules/@rollup/rollup-android-arm-eabi": {
            "version": "4.28.1",
            "resolved": "https://registry.npmjs.org/@rollup/rollup-android-arm-eabi/-/rollup-android-arm-eabi-4.28.1.tgz",
            "integrity": "sha512-2aZp8AES04KI2dy3Ss6/MDjXbwBzj+i0GqKtWXgw2/Ma6E4jJvujryO6gJAghIRVz7Vwr9Gtl/8na3nDUKpraQ==",
            "cpu": [
                "arm"
            ],
            "dev": true,
            "license": "MIT",
            "optional": true,
            "os": [
                "android"
            ]
        },
        "node_modules/@rollup/rollup-android-arm64": {
            "version": "4.28.1",
            "resolved": "https://registry.npmjs.org/@rollup/rollup-android-arm64/-/rollup-android-arm64-4.28.1.tgz",
            "integrity": "sha512-EbkK285O+1YMrg57xVA+Dp0tDBRB93/BZKph9XhMjezf6F4TpYjaUSuPt5J0fZXlSag0LmZAsTmdGGqPp4pQFA==",
            "cpu": [
                "arm64"
            ],
            "dev": true,
            "license": "MIT",
            "optional": true,
            "os": [
                "android"
            ]
        },
        "node_modules/@rollup/rollup-darwin-arm64": {
            "version": "4.28.1",
            "cpu": [
                "arm64"
            ],
            "dev": true,
            "license": "MIT",
            "optional": true,
            "os": [
                "darwin"
            ]
        },
        "node_modules/@rollup/rollup-darwin-x64": {
            "version": "4.28.1",
            "resolved": "https://registry.npmjs.org/@rollup/rollup-darwin-x64/-/rollup-darwin-x64-4.28.1.tgz",
            "integrity": "sha512-WsvbOunsUk0wccO/TV4o7IKgloJ942hVFK1CLatwv6TJspcCZb9umQkPdvB7FihmdxgaKR5JyxDjWpCOp4uZlQ==",
            "cpu": [
                "x64"
            ],
            "dev": true,
            "license": "MIT",
            "optional": true,
            "os": [
                "darwin"
            ]
        },
        "node_modules/@rollup/rollup-freebsd-arm64": {
            "version": "4.28.1",
            "resolved": "https://registry.npmjs.org/@rollup/rollup-freebsd-arm64/-/rollup-freebsd-arm64-4.28.1.tgz",
            "integrity": "sha512-HTDPdY1caUcU4qK23FeeGxCdJF64cKkqajU0iBnTVxS8F7H/7BewvYoG+va1KPSL63kQ1PGNyiwKOfReavzvNA==",
            "cpu": [
                "arm64"
            ],
            "dev": true,
            "license": "MIT",
            "optional": true,
            "os": [
                "freebsd"
            ]
        },
        "node_modules/@rollup/rollup-freebsd-x64": {
            "version": "4.28.1",
            "resolved": "https://registry.npmjs.org/@rollup/rollup-freebsd-x64/-/rollup-freebsd-x64-4.28.1.tgz",
            "integrity": "sha512-m/uYasxkUevcFTeRSM9TeLyPe2QDuqtjkeoTpP9SW0XxUWfcYrGDMkO/m2tTw+4NMAF9P2fU3Mw4ahNvo7QmsQ==",
            "cpu": [
                "x64"
            ],
            "dev": true,
            "license": "MIT",
            "optional": true,
            "os": [
                "freebsd"
            ]
        },
        "node_modules/@rollup/rollup-linux-arm-gnueabihf": {
            "version": "4.28.1",
            "resolved": "https://registry.npmjs.org/@rollup/rollup-linux-arm-gnueabihf/-/rollup-linux-arm-gnueabihf-4.28.1.tgz",
            "integrity": "sha512-QAg11ZIt6mcmzpNE6JZBpKfJaKkqTm1A9+y9O+frdZJEuhQxiugM05gnCWiANHj4RmbgeVJpTdmKRmH/a+0QbA==",
            "cpu": [
                "arm"
            ],
            "dev": true,
            "license": "MIT",
            "optional": true,
            "os": [
                "linux"
            ]
        },
        "node_modules/@rollup/rollup-linux-arm-musleabihf": {
            "version": "4.28.1",
            "resolved": "https://registry.npmjs.org/@rollup/rollup-linux-arm-musleabihf/-/rollup-linux-arm-musleabihf-4.28.1.tgz",
            "integrity": "sha512-dRP9PEBfolq1dmMcFqbEPSd9VlRuVWEGSmbxVEfiq2cs2jlZAl0YNxFzAQS2OrQmsLBLAATDMb3Z6MFv5vOcXg==",
            "cpu": [
                "arm"
            ],
            "dev": true,
            "license": "MIT",
            "optional": true,
            "os": [
                "linux"
            ]
        },
        "node_modules/@rollup/rollup-linux-arm64-gnu": {
            "version": "4.28.1",
            "resolved": "https://registry.npmjs.org/@rollup/rollup-linux-arm64-gnu/-/rollup-linux-arm64-gnu-4.28.1.tgz",
            "integrity": "sha512-uGr8khxO+CKT4XU8ZUH1TTEUtlktK6Kgtv0+6bIFSeiSlnGJHG1tSFSjm41uQ9sAO/5ULx9mWOz70jYLyv1QkA==",
            "cpu": [
                "arm64"
            ],
            "dev": true,
            "license": "MIT",
            "optional": true,
            "os": [
                "linux"
            ]
        },
        "node_modules/@rollup/rollup-linux-arm64-musl": {
            "version": "4.28.1",
            "resolved": "https://registry.npmjs.org/@rollup/rollup-linux-arm64-musl/-/rollup-linux-arm64-musl-4.28.1.tgz",
            "integrity": "sha512-QF54q8MYGAqMLrX2t7tNpi01nvq5RI59UBNx+3+37zoKX5KViPo/gk2QLhsuqok05sSCRluj0D00LzCwBikb0A==",
            "cpu": [
                "arm64"
            ],
            "dev": true,
            "license": "MIT",
            "optional": true,
            "os": [
                "linux"
            ]
        },
        "node_modules/@rollup/rollup-linux-loongarch64-gnu": {
            "version": "4.28.1",
            "resolved": "https://registry.npmjs.org/@rollup/rollup-linux-loongarch64-gnu/-/rollup-linux-loongarch64-gnu-4.28.1.tgz",
            "integrity": "sha512-vPul4uodvWvLhRco2w0GcyZcdyBfpfDRgNKU+p35AWEbJ/HPs1tOUrkSueVbBS0RQHAf/A+nNtDpvw95PeVKOA==",
            "cpu": [
                "loong64"
            ],
            "dev": true,
            "license": "MIT",
            "optional": true,
            "os": [
                "linux"
            ]
        },
        "node_modules/@rollup/rollup-linux-powerpc64le-gnu": {
            "version": "4.28.1",
            "resolved": "https://registry.npmjs.org/@rollup/rollup-linux-powerpc64le-gnu/-/rollup-linux-powerpc64le-gnu-4.28.1.tgz",
            "integrity": "sha512-pTnTdBuC2+pt1Rmm2SV7JWRqzhYpEILML4PKODqLz+C7Ou2apEV52h19CR7es+u04KlqplggmN9sqZlekg3R1A==",
            "cpu": [
                "ppc64"
            ],
            "dev": true,
            "license": "MIT",
            "optional": true,
            "os": [
                "linux"
            ]
        },
        "node_modules/@rollup/rollup-linux-riscv64-gnu": {
            "version": "4.28.1",
            "resolved": "https://registry.npmjs.org/@rollup/rollup-linux-riscv64-gnu/-/rollup-linux-riscv64-gnu-4.28.1.tgz",
            "integrity": "sha512-vWXy1Nfg7TPBSuAncfInmAI/WZDd5vOklyLJDdIRKABcZWojNDY0NJwruY2AcnCLnRJKSaBgf/GiJfauu8cQZA==",
            "cpu": [
                "riscv64"
            ],
            "dev": true,
            "license": "MIT",
            "optional": true,
            "os": [
                "linux"
            ]
        },
        "node_modules/@rollup/rollup-linux-s390x-gnu": {
            "version": "4.28.1",
            "resolved": "https://registry.npmjs.org/@rollup/rollup-linux-s390x-gnu/-/rollup-linux-s390x-gnu-4.28.1.tgz",
            "integrity": "sha512-/yqC2Y53oZjb0yz8PVuGOQQNOTwxcizudunl/tFs1aLvObTclTwZ0JhXF2XcPT/zuaymemCDSuuUPXJJyqeDOg==",
            "cpu": [
                "s390x"
            ],
            "dev": true,
            "license": "MIT",
            "optional": true,
            "os": [
                "linux"
            ]
        },
        "node_modules/@rollup/rollup-linux-x64-gnu": {
            "version": "4.39.0",
            "resolved": "https://registry.npmjs.org/@rollup/rollup-linux-x64-gnu/-/rollup-linux-x64-gnu-4.39.0.tgz",
            "integrity": "sha512-t9jqYw27R6Lx0XKfEFe5vUeEJ5pF3SGIM6gTfONSMb7DuG6z6wfj2yjcoZxHg129veTqU7+wOhY6GX8wmf90dA==",
            "cpu": [
                "x64"
            ],
            "license": "MIT",
            "optional": true,
            "os": [
                "linux"
            ]
        },
        "node_modules/@rollup/rollup-linux-x64-musl": {
            "version": "4.28.1",
            "resolved": "https://registry.npmjs.org/@rollup/rollup-linux-x64-musl/-/rollup-linux-x64-musl-4.28.1.tgz",
            "integrity": "sha512-xQTDVzSGiMlSshpJCtudbWyRfLaNiVPXt1WgdWTwWz9n0U12cI2ZVtWe/Jgwyv/6wjL7b66uu61Vg0POWVfz4g==",
            "cpu": [
                "x64"
            ],
            "dev": true,
            "license": "MIT",
            "optional": true,
            "os": [
                "linux"
            ]
        },
        "node_modules/@rollup/rollup-win32-arm64-msvc": {
            "version": "4.28.1",
            "resolved": "https://registry.npmjs.org/@rollup/rollup-win32-arm64-msvc/-/rollup-win32-arm64-msvc-4.28.1.tgz",
            "integrity": "sha512-wSXmDRVupJstFP7elGMgv+2HqXelQhuNf+IS4V+nUpNVi/GUiBgDmfwD0UGN3pcAnWsgKG3I52wMOBnk1VHr/A==",
            "cpu": [
                "arm64"
            ],
            "dev": true,
            "license": "MIT",
            "optional": true,
            "os": [
                "win32"
            ]
        },
        "node_modules/@rollup/rollup-win32-ia32-msvc": {
            "version": "4.28.1",
            "resolved": "https://registry.npmjs.org/@rollup/rollup-win32-ia32-msvc/-/rollup-win32-ia32-msvc-4.28.1.tgz",
            "integrity": "sha512-ZkyTJ/9vkgrE/Rk9vhMXhf8l9D+eAhbAVbsGsXKy2ohmJaWg0LPQLnIxRdRp/bKyr8tXuPlXhIoGlEB5XpJnGA==",
            "cpu": [
                "ia32"
            ],
            "dev": true,
            "license": "MIT",
            "optional": true,
            "os": [
                "win32"
            ]
        },
        "node_modules/@rollup/rollup-win32-x64-msvc": {
            "version": "4.28.1",
            "resolved": "https://registry.npmjs.org/@rollup/rollup-win32-x64-msvc/-/rollup-win32-x64-msvc-4.28.1.tgz",
            "integrity": "sha512-ZvK2jBafvttJjoIdKm/Q/Bh7IJ1Ose9IBOwpOXcOvW3ikGTQGmKDgxTC6oCAzW6PynbkKP8+um1du81XJHZ0JA==",
            "cpu": [
                "x64"
            ],
            "dev": true,
            "license": "MIT",
            "optional": true,
            "os": [
                "win32"
            ]
        },
        "node_modules/@types/estree": {
            "version": "1.0.6",
            "dev": true,
            "license": "MIT"
        },
        "node_modules/@types/node": {
            "version": "22.10.2",
            "license": "MIT",
            "dependencies": {
                "undici-types": "~6.20.0"
            }
        },
        "node_modules/@types/raf": {
            "version": "3.4.3",
            "license": "MIT",
            "optional": true
        },
        "node_modules/ansi-regex": {
            "version": "5.0.1",
            "dev": true,
            "license": "MIT",
            "engines": {
                "node": ">=8"
            }
        },
        "node_modules/ansi-styles": {
            "version": "4.3.0",
            "dev": true,
            "license": "MIT",
            "dependencies": {
                "color-convert": "^2.0.1"
            },
            "engines": {
                "node": ">=8"
            },
            "funding": {
                "url": "https://github.com/chalk/ansi-styles?sponsor=1"
            }
        },
        "node_modules/argparse": {
            "version": "2.0.1",
            "license": "Python-2.0"
        },
        "node_modules/atob": {
            "version": "2.1.2",
            "license": "(MIT OR Apache-2.0)",
            "bin": {
                "atob": "bin/atob.js"
            },
            "engines": {
                "node": ">= 4.5.0"
            }
        },
        "node_modules/balanced-match": {
            "version": "1.0.2",
            "dev": true,
            "license": "MIT"
        },
        "node_modules/base64-arraybuffer": {
            "version": "1.0.2",
            "license": "MIT",
            "optional": true,
            "engines": {
                "node": ">= 0.6.0"
            }
        },
        "node_modules/brace-expansion": {
            "version": "1.1.11",
            "dev": true,
            "license": "MIT",
            "dependencies": {
                "balanced-match": "^1.0.0",
                "concat-map": "0.0.1"
            }
        },
        "node_modules/btoa": {
            "version": "1.2.1",
            "license": "(MIT OR Apache-2.0)",
            "bin": {
                "btoa": "bin/btoa.js"
            },
            "engines": {
                "node": ">= 0.4.0"
            }
        },
        "node_modules/canvg": {
            "version": "3.0.10",
            "license": "MIT",
            "optional": true,
            "dependencies": {
                "@babel/runtime": "^7.12.5",
                "@types/raf": "^3.4.0",
                "core-js": "^3.8.3",
                "raf": "^3.4.1",
                "regenerator-runtime": "^0.13.7",
                "rgbcolor": "^1.0.1",
                "stackblur-canvas": "^2.0.0",
                "svg-pathdata": "^6.0.3"
            },
            "engines": {
                "node": ">=10.0.0"
            }
        },
        "node_modules/canvg/node_modules/regenerator-runtime": {
            "version": "0.13.11",
            "license": "MIT",
            "optional": true
        },
        "node_modules/chalk": {
            "version": "4.1.2",
            "dev": true,
            "license": "MIT",
            "dependencies": {
                "ansi-styles": "^4.1.0",
                "supports-color": "^7.1.0"
            },
            "engines": {
                "node": ">=10"
            },
            "funding": {
                "url": "https://github.com/chalk/chalk?sponsor=1"
            }
        },
        "node_modules/chalk/node_modules/supports-color": {
            "version": "7.2.0",
            "dev": true,
            "license": "MIT",
            "dependencies": {
                "has-flag": "^4.0.0"
            },
            "engines": {
                "node": ">=8"
            }
        },
        "node_modules/cliui": {
            "version": "8.0.1",
            "dev": true,
            "license": "ISC",
            "dependencies": {
                "string-width": "^4.2.0",
                "strip-ansi": "^6.0.1",
                "wrap-ansi": "^7.0.0"
            },
            "engines": {
                "node": ">=12"
            }
        },
        "node_modules/color-convert": {
            "version": "2.0.1",
            "dev": true,
            "license": "MIT",
            "dependencies": {
                "color-name": "~1.1.4"
            },
            "engines": {
                "node": ">=7.0.0"
            }
        },
        "node_modules/color-name": {
            "version": "1.1.4",
            "dev": true,
            "license": "MIT"
        },
        "node_modules/commander": {
            "version": "8.3.0",
            "license": "MIT",
            "engines": {
                "node": ">= 12"
            }
        },
        "node_modules/concat-map": {
            "version": "0.0.1",
            "dev": true,
            "license": "MIT"
        },
        "node_modules/concurrently": {
            "version": "9.1.2",
            "dev": true,
            "license": "MIT",
            "dependencies": {
                "chalk": "^4.1.2",
                "lodash": "^4.17.21",
                "rxjs": "^7.8.1",
                "shell-quote": "^1.8.1",
                "supports-color": "^8.1.1",
                "tree-kill": "^1.2.2",
                "yargs": "^17.7.2"
            },
            "bin": {
                "conc": "dist/bin/concurrently.js",
                "concurrently": "dist/bin/concurrently.js"
            },
            "engines": {
                "node": ">=18"
            },
            "funding": {
                "url": "https://github.com/open-cli-tools/concurrently?sponsor=1"
            }
        },
        "node_modules/core-js": {
            "version": "3.39.0",
            "hasInstallScript": true,
            "license": "MIT",
            "optional": true,
            "funding": {
                "type": "opencollective",
                "url": "https://opencollective.com/core-js"
            }
        },
        "node_modules/core-util-is": {
            "version": "1.0.3",
            "license": "MIT"
        },
        "node_modules/cropperjs": {
            "version": "1.6.2",
            "license": "MIT"
        },
        "node_modules/css-line-break": {
            "version": "2.1.0",
            "license": "MIT",
            "optional": true,
            "dependencies": {
                "utrie": "^1.0.2"
            }
        },
        "node_modules/docx": {
            "version": "9.1.0",
            "license": "MIT",
            "dependencies": {
                "@types/node": "^22.7.5",
                "hash.js": "^1.1.7",
                "jszip": "^3.10.1",
                "nanoid": "^5.0.4",
                "xml": "^1.0.1",
                "xml-js": "^1.6.8"
            },
            "engines": {
                "node": ">=10"
            }
        },
        "node_modules/dompurify": {
            "version": "2.5.8",
            "license": "(MPL-2.0 OR Apache-2.0)",
            "optional": true
        },
        "node_modules/emoji-regex": {
            "version": "8.0.0",
            "dev": true,
            "license": "MIT"
        },
        "node_modules/entities": {
            "version": "4.5.0",
            "license": "BSD-2-Clause",
            "engines": {
                "node": ">=0.12"
            },
            "funding": {
                "url": "https://github.com/fb55/entities?sponsor=1"
            }
        },
        "node_modules/esbuild": {
            "version": "0.21.5",
            "dev": true,
            "hasInstallScript": true,
            "license": "MIT",
            "bin": {
                "esbuild": "bin/esbuild"
            },
            "engines": {
                "node": ">=12"
            },
            "optionalDependencies": {
                "@esbuild/aix-ppc64": "0.21.5",
                "@esbuild/android-arm": "0.21.5",
                "@esbuild/android-arm64": "0.21.5",
                "@esbuild/android-x64": "0.21.5",
                "@esbuild/darwin-arm64": "0.21.5",
                "@esbuild/darwin-x64": "0.21.5",
                "@esbuild/freebsd-arm64": "0.21.5",
                "@esbuild/freebsd-x64": "0.21.5",
                "@esbuild/linux-arm": "0.21.5",
                "@esbuild/linux-arm64": "0.21.5",
                "@esbuild/linux-ia32": "0.21.5",
                "@esbuild/linux-loong64": "0.21.5",
                "@esbuild/linux-mips64el": "0.21.5",
                "@esbuild/linux-ppc64": "0.21.5",
                "@esbuild/linux-riscv64": "0.21.5",
                "@esbuild/linux-s390x": "0.21.5",
                "@esbuild/linux-x64": "0.21.5",
                "@esbuild/netbsd-x64": "0.21.5",
                "@esbuild/openbsd-x64": "0.21.5",
                "@esbuild/sunos-x64": "0.21.5",
                "@esbuild/win32-arm64": "0.21.5",
                "@esbuild/win32-ia32": "0.21.5",
                "@esbuild/win32-x64": "0.21.5"
            }
        },
        "node_modules/escalade": {
            "version": "3.2.0",
            "dev": true,
            "license": "MIT",
            "engines": {
                "node": ">=6"
            }
        },
        "node_modules/fflate": {
            "version": "0.8.2",
            "license": "MIT"
        },
        "node_modules/fs.realpath": {
            "version": "1.0.0",
            "dev": true,
            "license": "ISC"
        },
        "node_modules/fsevents": {
            "version": "2.3.3",
            "dev": true,
            "license": "MIT",
            "optional": true,
            "os": [
                "darwin"
            ],
            "engines": {
                "node": "^8.16.0 || ^10.6.0 || >=11.0.0"
            }
        },
        "node_modules/function-bind": {
            "version": "1.1.2",
            "dev": true,
            "license": "MIT",
            "funding": {
                "url": "https://github.com/sponsors/ljharb"
            }
        },
        "node_modules/get-caller-file": {
            "version": "2.0.5",
            "dev": true,
            "license": "ISC",
            "engines": {
                "node": "6.* || 8.* || >= 10.*"
            }
        },
        "node_modules/glob": {
            "version": "7.2.3",
            "dev": true,
            "license": "ISC",
            "dependencies": {
                "fs.realpath": "^1.0.0",
                "inflight": "^1.0.4",
                "inherits": "2",
                "minimatch": "^3.1.1",
                "once": "^1.3.0",
                "path-is-absolute": "^1.0.0"
            },
            "engines": {
                "node": "*"
            },
            "funding": {
                "url": "https://github.com/sponsors/isaacs"
            }
        },
        "node_modules/has-flag": {
            "version": "4.0.0",
            "dev": true,
            "license": "MIT",
            "engines": {
                "node": ">=8"
            }
        },
        "node_modules/hash.js": {
            "version": "1.1.7",
            "license": "MIT",
            "dependencies": {
                "inherits": "^2.0.3",
                "minimalistic-assert": "^1.0.1"
            }
        },
        "node_modules/hasown": {
            "version": "2.0.2",
            "dev": true,
            "license": "MIT",
            "dependencies": {
                "function-bind": "^1.1.2"
            },
            "engines": {
                "node": ">= 0.4"
            }
        },
        "node_modules/highlight.js": {
            "version": "11.10.0",
            "license": "BSD-3-Clause",
            "engines": {
                "node": ">=12.0.0"
            }
        },
        "node_modules/html2canvas": {
            "version": "1.4.1",
            "license": "MIT",
            "optional": true,
            "dependencies": {
                "css-line-break": "^2.1.0",
                "text-segmentation": "^1.0.3"
            },
            "engines": {
                "node": ">=8.0.0"
            }
        },
        "node_modules/immediate": {
            "version": "3.0.6",
            "license": "MIT"
        },
        "node_modules/inflight": {
            "version": "1.0.6",
            "dev": true,
            "license": "ISC",
            "dependencies": {
                "once": "^1.3.0",
                "wrappy": "1"
            }
        },
        "node_modules/inherits": {
            "version": "2.0.4",
            "license": "ISC"
        },
        "node_modules/interpret": {
            "version": "1.4.0",
            "dev": true,
            "license": "MIT",
            "engines": {
                "node": ">= 0.10"
            }
        },
        "node_modules/is-core-module": {
            "version": "2.16.1",
            "dev": true,
            "license": "MIT",
            "dependencies": {
                "hasown": "^2.0.2"
            },
            "engines": {
                "node": ">= 0.4"
            },
            "funding": {
                "url": "https://github.com/sponsors/ljharb"
            }
        },
        "node_modules/is-fullwidth-code-point": {
            "version": "3.0.0",
            "dev": true,
            "license": "MIT",
            "engines": {
                "node": ">=8"
            }
        },
        "node_modules/isarray": {
            "version": "1.0.0",
            "license": "MIT"
        },
        "node_modules/jquery": {
            "version": "3.7.1",
            "license": "MIT"
        },
        "node_modules/jspdf": {
            "version": "2.5.2",
            "license": "MIT",
            "dependencies": {
                "@babel/runtime": "^7.23.2",
                "atob": "^2.1.2",
                "btoa": "^1.2.1",
                "fflate": "^0.8.1"
            },
            "optionalDependencies": {
                "canvg": "^3.0.6",
                "core-js": "^3.6.0",
                "dompurify": "^2.5.4",
                "html2canvas": "^1.0.0-rc.5"
            }
        },
        "node_modules/jszip": {
            "version": "3.10.1",
            "license": "(MIT OR GPL-3.0-or-later)",
            "dependencies": {
                "lie": "~3.3.0",
                "pako": "~1.0.2",
                "readable-stream": "~2.3.6",
                "setimmediate": "^1.0.5"
            }
        },
        "node_modules/jszip/node_modules/pako": {
            "version": "1.0.11",
            "resolved": "https://registry.npmjs.org/pako/-/pako-1.0.11.tgz",
            "integrity": "sha512-4hLB8Py4zZce5s4yd9XzopqwVv/yGNhV1Bl8NTmCq1763HeK2+EwVTv+leGeL13Dnh2wfbqowVPXCIO0z4taYw==",
            "license": "(MIT AND Zlib)"
        },
        "node_modules/katex": {
            "version": "0.16.15",
            "funding": [
                "https://opencollective.com/katex",
                "https://github.com/sponsors/katex"
            ],
            "license": "MIT",
            "dependencies": {
                "commander": "^8.3.0"
            },
            "bin": {
                "katex": "cli.js"
            }
        },
        "node_modules/laravel-echo": {
            "version": "1.17.1",
            "dev": true,
            "license": "MIT",
            "engines": {
                "node": ">=10"
            }
        },
        "node_modules/laravel-vite-plugin": {
            "version": "1.1.1",
            "dev": true,
            "license": "MIT",
            "dependencies": {
                "picocolors": "^1.0.0",
                "vite-plugin-full-reload": "^1.1.0"
            },
            "bin": {
                "clean-orphaned-assets": "bin/clean.js"
            },
            "engines": {
                "node": "^18.0.0 || ^20.0.0 || >=22.0.0"
            },
            "peerDependencies": {
                "vite": "^5.0.0 || ^6.0.0"
            }
        },
        "node_modules/lie": {
            "version": "3.3.0",
            "license": "MIT",
            "dependencies": {
                "immediate": "~3.0.5"
            }
        },
        "node_modules/linkify-it": {
            "version": "5.0.0",
            "license": "MIT",
            "dependencies": {
                "uc.micro": "^2.0.0"
            }
        },
        "node_modules/lodash": {
            "version": "4.17.21",
            "dev": true,
            "license": "MIT"
        },
        "node_modules/markdown-it": {
            "version": "14.1.0",
            "license": "MIT",
            "dependencies": {
                "argparse": "^2.0.1",
                "entities": "^4.4.0",
                "linkify-it": "^5.0.0",
                "mdurl": "^2.0.0",
                "punycode.js": "^2.3.1",
                "uc.micro": "^2.1.0"
            },
            "bin": {
                "markdown-it": "bin/markdown-it.mjs"
            }
        },
        "node_modules/mdurl": {
            "version": "2.0.0",
            "license": "MIT"
        },
        "node_modules/minimalistic-assert": {
            "version": "1.0.1",
            "license": "ISC"
        },
        "node_modules/minimatch": {
            "version": "3.1.2",
            "dev": true,
            "license": "ISC",
            "dependencies": {
                "brace-expansion": "^1.1.7"
            },
            "engines": {
                "node": "*"
            }
        },
        "node_modules/nanoid": {
            "version": "5.0.9",
            "funding": [
                {
                    "type": "github",
                    "url": "https://github.com/sponsors/ai"
                }
            ],
            "license": "MIT",
            "bin": {
                "nanoid": "bin/nanoid.js"
            },
            "engines": {
                "node": "^18 || >=20"
            }
        },
        "node_modules/once": {
            "version": "1.4.0",
            "dev": true,
            "license": "ISC",
            "dependencies": {
                "wrappy": "1"
            }
        },
        "node_modules/pako": {
            "version": "2.1.0",
            "resolved": "https://registry.npmjs.org/pako/-/pako-2.1.0.tgz",
            "integrity": "sha512-w+eufiZ1WuJYgPXbV/PO3NCMEc3xqylkKHzp8bxp1uW4qaSNQUkwmLLEc3kKsfz8lpV1F8Ht3U1Cm+9Srog2ug==",
            "license": "(MIT AND Zlib)"
        },
        "node_modules/path-is-absolute": {
            "version": "1.0.1",
            "dev": true,
            "license": "MIT",
            "engines": {
                "node": ">=0.10.0"
            }
        },
        "node_modules/path-parse": {
            "version": "1.0.7",
            "dev": true,
            "license": "MIT"
        },
        "node_modules/performance-now": {
            "version": "2.1.0",
            "license": "MIT",
            "optional": true
        },
        "node_modules/picocolors": {
            "version": "1.1.1",
            "dev": true,
            "license": "ISC"
        },
        "node_modules/picomatch": {
            "version": "2.3.1",
            "dev": true,
            "license": "MIT",
            "engines": {
                "node": ">=8.6"
            },
            "funding": {
                "url": "https://github.com/sponsors/jonschlinkert"
            }
        },
        "node_modules/postcss": {
            "version": "8.4.49",
            "dev": true,
            "funding": [
                {
                    "type": "opencollective",
                    "url": "https://opencollective.com/postcss/"
                },
                {
                    "type": "tidelift",
                    "url": "https://tidelift.com/funding/github/npm/postcss"
                },
                {
                    "type": "github",
                    "url": "https://github.com/sponsors/ai"
                }
            ],
            "license": "MIT",
            "dependencies": {
                "nanoid": "^3.3.7",
                "picocolors": "^1.1.1",
                "source-map-js": "^1.2.1"
            },
            "engines": {
                "node": "^10 || ^12 || >=14"
            }
        },
        "node_modules/postcss/node_modules/nanoid": {
            "version": "3.3.8",
            "dev": true,
            "funding": [
                {
                    "type": "github",
                    "url": "https://github.com/sponsors/ai"
                }
            ],
            "license": "MIT",
            "bin": {
                "nanoid": "bin/nanoid.cjs"
            },
            "engines": {
                "node": "^10 || ^12 || ^13.7 || ^14 || >=15.0.1"
            }
        },
        "node_modules/process-nextick-args": {
            "version": "2.0.1",
            "license": "MIT"
        },
        "node_modules/punycode.js": {
            "version": "2.3.1",
            "license": "MIT",
            "engines": {
                "node": ">=6"
            }
        },
        "node_modules/pusher-js": {
            "version": "8.4.0-rc2",
            "dev": true,
            "license": "MIT",
            "dependencies": {
                "tweetnacl": "^1.0.3"
            }
        },
        "node_modules/raf": {
            "version": "3.4.1",
            "license": "MIT",
            "optional": true,
            "dependencies": {
                "performance-now": "^2.1.0"
            }
        },
        "node_modules/readable-stream": {
            "version": "2.3.8",
            "license": "MIT",
            "dependencies": {
                "core-util-is": "~1.0.0",
                "inherits": "~2.0.3",
                "isarray": "~1.0.0",
                "process-nextick-args": "~2.0.0",
                "safe-buffer": "~5.1.1",
                "string_decoder": "~1.1.1",
                "util-deprecate": "~1.0.1"
            }
        },
        "node_modules/rechoir": {
            "version": "0.6.2",
            "dev": true,
            "dependencies": {
                "resolve": "^1.1.6"
            },
            "engines": {
                "node": ">= 0.10"
            }
        },
        "node_modules/regenerator-runtime": {
            "version": "0.14.1",
            "license": "MIT"
        },
        "node_modules/require-directory": {
            "version": "2.1.1",
            "dev": true,
            "license": "MIT",
            "engines": {
                "node": ">=0.10.0"
            }
        },
        "node_modules/resolve": {
            "version": "1.22.10",
            "dev": true,
            "license": "MIT",
            "dependencies": {
                "is-core-module": "^2.16.0",
                "path-parse": "^1.0.7",
                "supports-preserve-symlinks-flag": "^1.0.0"
            },
            "bin": {
                "resolve": "bin/resolve"
            },
            "engines": {
                "node": ">= 0.4"
            },
            "funding": {
                "url": "https://github.com/sponsors/ljharb"
            }
        },
        "node_modules/rgbcolor": {
            "version": "1.0.1",
            "license": "MIT OR SEE LICENSE IN FEEL-FREE.md",
            "optional": true,
            "engines": {
                "node": ">= 0.8.15"
            }
        },
        "node_modules/rollup": {
            "version": "4.28.1",
            "dev": true,
            "license": "MIT",
            "dependencies": {
                "@types/estree": "1.0.6"
            },
            "bin": {
                "rollup": "dist/bin/rollup"
            },
            "engines": {
                "node": ">=18.0.0",
                "npm": ">=8.0.0"
            },
            "optionalDependencies": {
                "@rollup/rollup-android-arm-eabi": "4.28.1",
                "@rollup/rollup-android-arm64": "4.28.1",
                "@rollup/rollup-darwin-arm64": "4.28.1",
                "@rollup/rollup-darwin-x64": "4.28.1",
                "@rollup/rollup-freebsd-arm64": "4.28.1",
                "@rollup/rollup-freebsd-x64": "4.28.1",
                "@rollup/rollup-linux-arm-gnueabihf": "4.28.1",
                "@rollup/rollup-linux-arm-musleabihf": "4.28.1",
                "@rollup/rollup-linux-arm64-gnu": "4.28.1",
                "@rollup/rollup-linux-arm64-musl": "4.28.1",
                "@rollup/rollup-linux-loongarch64-gnu": "4.28.1",
                "@rollup/rollup-linux-powerpc64le-gnu": "4.28.1",
                "@rollup/rollup-linux-riscv64-gnu": "4.28.1",
                "@rollup/rollup-linux-s390x-gnu": "4.28.1",
                "@rollup/rollup-linux-x64-gnu": "4.28.1",
                "@rollup/rollup-linux-x64-musl": "4.28.1",
                "@rollup/rollup-win32-arm64-msvc": "4.28.1",
                "@rollup/rollup-win32-ia32-msvc": "4.28.1",
                "@rollup/rollup-win32-x64-msvc": "4.28.1",
                "fsevents": "~2.3.2"
            }
        },
        "node_modules/rollup/node_modules/@rollup/rollup-linux-x64-gnu": {
            "version": "4.28.1",
            "resolved": "https://registry.npmjs.org/@rollup/rollup-linux-x64-gnu/-/rollup-linux-x64-gnu-4.28.1.tgz",
            "integrity": "sha512-fzgeABz7rrAlKYB0y2kSEiURrI0691CSL0+KXwKwhxvj92VULEDQLpBYLHpF49MSiPG4sq5CK3qHMnb9tlCjBw==",
            "cpu": [
                "x64"
            ],
            "dev": true,
            "license": "MIT",
            "optional": true,
            "os": [
                "linux"
            ]
        },
        "node_modules/rxjs": {
            "version": "7.8.2",
            "dev": true,
            "license": "Apache-2.0",
            "dependencies": {
                "tslib": "^2.1.0"
            }
        },
        "node_modules/safe-buffer": {
            "version": "5.1.2",
            "license": "MIT"
        },
        "node_modules/sax": {
            "version": "1.4.1",
            "license": "ISC"
        },
        "node_modules/setimmediate": {
            "version": "1.0.5",
            "license": "MIT"
        },
        "node_modules/shell-quote": {
            "version": "1.8.2",
            "dev": true,
            "license": "MIT",
            "engines": {
                "node": ">= 0.4"
            },
            "funding": {
                "url": "https://github.com/sponsors/ljharb"
            }
        },
        "node_modules/shelljs": {
            "version": "0.8.5",
            "dev": true,
            "license": "BSD-3-Clause",
            "dependencies": {
                "glob": "^7.0.0",
                "interpret": "^1.0.0",
                "rechoir": "^0.6.2"
            },
            "bin": {
                "shjs": "bin/shjs"
            },
            "engines": {
                "node": ">=4"
            }
        },
        "node_modules/source-map-js": {
            "version": "1.2.1",
            "dev": true,
            "license": "BSD-3-Clause",
            "engines": {
                "node": ">=0.10.0"
            }
        },
        "node_modules/stackblur-canvas": {
            "version": "2.7.0",
            "license": "MIT",
            "optional": true,
            "engines": {
                "node": ">=0.1.14"
            }
        },
        "node_modules/string_decoder": {
            "version": "1.1.1",
            "license": "MIT",
            "dependencies": {
                "safe-buffer": "~5.1.0"
            }
        },
        "node_modules/string-width": {
            "version": "4.2.3",
            "dev": true,
            "license": "MIT",
            "dependencies": {
                "emoji-regex": "^8.0.0",
                "is-fullwidth-code-point": "^3.0.0",
                "strip-ansi": "^6.0.1"
            },
            "engines": {
                "node": ">=8"
            }
        },
        "node_modules/strip-ansi": {
            "version": "6.0.1",
            "dev": true,
            "license": "MIT",
            "dependencies": {
                "ansi-regex": "^5.0.1"
            },
            "engines": {
                "node": ">=8"
            }
        },
        "node_modules/supports-color": {
            "version": "8.1.1",
            "dev": true,
            "license": "MIT",
            "dependencies": {
                "has-flag": "^4.0.0"
            },
            "engines": {
                "node": ">=10"
            },
            "funding": {
                "url": "https://github.com/chalk/supports-color?sponsor=1"
            }
        },
        "node_modules/supports-preserve-symlinks-flag": {
            "version": "1.0.0",
            "dev": true,
            "license": "MIT",
            "engines": {
                "node": ">= 0.4"
            },
            "funding": {
                "url": "https://github.com/sponsors/ljharb"
            }
        },
        "node_modules/svg-pathdata": {
            "version": "6.0.3",
            "license": "MIT",
            "optional": true,
            "engines": {
                "node": ">=12.0.0"
            }
        },
        "node_modules/text-segmentation": {
            "version": "1.0.3",
            "license": "MIT",
            "optional": true,
            "dependencies": {
                "utrie": "^1.0.2"
            }
        },
        "node_modules/tree-kill": {
            "version": "1.2.2",
            "dev": true,
            "license": "MIT",
            "bin": {
                "tree-kill": "cli.js"
            }
        },
        "node_modules/tslib": {
            "version": "2.8.1",
            "dev": true,
            "license": "0BSD"
        },
        "node_modules/tweetnacl": {
            "version": "1.0.3",
            "dev": true,
            "license": "Unlicense"
        },
        "node_modules/uc.micro": {
            "version": "2.1.0",
            "license": "MIT"
        },
        "node_modules/undici-types": {
            "version": "6.20.0",
            "license": "MIT"
        },
        "node_modules/util-deprecate": {
            "version": "1.0.2",
            "license": "MIT"
        },
        "node_modules/utrie": {
            "version": "1.0.2",
            "license": "MIT",
            "optional": true,
            "dependencies": {
                "base64-arraybuffer": "^1.0.2"
            }
        },
        "node_modules/vite": {
            "version": "5.4.11",
            "dev": true,
            "license": "MIT",
            "dependencies": {
                "esbuild": "^0.21.3",
                "postcss": "^8.4.43",
                "rollup": "^4.20.0"
            },
            "bin": {
                "vite": "bin/vite.js"
            },
            "engines": {
                "node": "^18.0.0 || >=20.0.0"
            },
            "funding": {
                "url": "https://github.com/vitejs/vite?sponsor=1"
            },
            "optionalDependencies": {
                "fsevents": "~2.3.3"
            },
            "peerDependencies": {
                "@types/node": "^18.0.0 || >=20.0.0",
                "less": "*",
                "lightningcss": "^1.21.0",
                "sass": "*",
                "sass-embedded": "*",
                "stylus": "*",
                "sugarss": "*",
                "terser": "^5.4.0"
            },
            "peerDependenciesMeta": {
                "@types/node": {
                    "optional": true
                },
                "less": {
                    "optional": true
                },
                "lightningcss": {
                    "optional": true
                },
                "sass": {
                    "optional": true
                },
                "sass-embedded": {
                    "optional": true
                },
                "stylus": {
                    "optional": true
                },
                "sugarss": {
                    "optional": true
                },
                "terser": {
                    "optional": true
                }
            }
        },
        "node_modules/vite-plugin-full-reload": {
            "version": "1.2.0",
            "dev": true,
            "license": "MIT",
            "dependencies": {
                "picocolors": "^1.0.0",
                "picomatch": "^2.3.1"
            }
        },
        "node_modules/wrap-ansi": {
            "version": "7.0.0",
            "dev": true,
            "license": "MIT",
            "dependencies": {
                "ansi-styles": "^4.0.0",
                "string-width": "^4.1.0",
                "strip-ansi": "^6.0.0"
            },
            "engines": {
                "node": ">=10"
            },
            "funding": {
                "url": "https://github.com/chalk/wrap-ansi?sponsor=1"
            }
        },
        "node_modules/wrappy": {
            "version": "1.0.2",
            "dev": true,
            "license": "ISC"
        },
        "node_modules/xml": {
            "version": "1.0.1",
            "license": "MIT"
        },
        "node_modules/xml-js": {
            "version": "1.6.11",
            "license": "MIT",
            "dependencies": {
                "sax": "^1.2.4"
            },
            "bin": {
                "xml-js": "bin/cli.js"
            }
        },
        "node_modules/y18n": {
            "version": "5.0.8",
            "dev": true,
            "license": "ISC",
            "engines": {
                "node": ">=10"
            }
        },
        "node_modules/yargs": {
            "version": "17.7.2",
            "dev": true,
            "license": "MIT",
            "dependencies": {
                "cliui": "^8.0.1",
                "escalade": "^3.1.1",
                "get-caller-file": "^2.0.5",
                "require-directory": "^2.1.1",
                "string-width": "^4.2.3",
                "y18n": "^5.0.5",
                "yargs-parser": "^21.1.1"
            },
            "engines": {
                "node": ">=12"
            }
        },
        "node_modules/yargs-parser": {
            "version": "21.1.1",
            "dev": true,
            "license": "ISC",
            "engines": {
                "node": ">=12"
            }
        }
    }
}
